
Microsoft Visual Studio Solution File, Format Version 12.00
# Visual Studio Version 17
VisualStudioVersion = 17.0.32002.185
MinimumVisualStudioVersion = 10.0.40219.1
Project("{FAE04EC0-301F-11D3-BF4B-00C04F79EFBC}") = "HesapMakinesiPro", "HesapMakinesiPro\HesapMakinesiPro.csproj", "{4462B504-71CC-4387-81A1-325B40100040}"
EndProject
Global
	GlobalSection(SolutionConfigurationPlatforms) = preSolution
		Debug|Any CPU = Debug|Any CPU
		Release|Any CPU = Release|Any CPU
	EndGlobalSection
	GlobalSection(ProjectConfigurationPlatforms) = postSolution
		{4462B504-71CC-4387-81A1-325B40100040}.Debug|Any CPU.ActiveCfg = Debug|Any CPU
		{4462B504-71CC-4387-81A1-325B40100040}.Debug|Any CPU.Build.0 = Debug|Any CPU
		{4462B504-71CC-4387-81A1-325B40100040}.Release|Any CPU.ActiveCfg = Release|Any CPU
		{4462B504-71CC-4387-81A1-325B40100040}.Release|Any CPU.Build.0 = Release|Any CPU
	EndGlobalSection
	GlobalSection(SolutionProperties) = preSolution
		HideSolutionNode = FALSE
	EndGlobalSection
	GlobalSection(ExtensibilityGlobals) = postSolution
		SolutionGuid = {EAE0B9BE-CB18-466F-8BF2-57782069B990}
	EndGlobalSection
EndGlobal
